// !$*UTF8*$!
{
	archiveVersion = 1;
	classes = {
	};
	objectVersion = 50;
	objects = {

/* Begin PBXBuildFile section */
		C198F6DB267B822B003FB5D5 /* AppDelegate.swift in Sources */ = {isa = PBXBuildFile; fileRef = C198F6DA267B822B003FB5D5 /* AppDelegate.swift */; };
		C198F6DD267B822B003FB5D5 /* SceneDelegate.swift in Sources */ = {isa = PBXBuildFile; fileRef = C198F6DC267B822B003FB5D5 /* SceneDelegate.swift */; };
		C198F6DF267B822B003FB5D5 /* ContentView.swift in Sources */ = {isa = PBXBuildFile; fileRef = C198F6DE267B822B003FB5D5 /* ContentView.swift */; };
		C198F6E1267B8231003FB5D5 /* Assets.xcassets in Resources */ = {isa = PBXBuildFile; fileRef = C198F6E0267B8231003FB5D5 /* Assets.xcassets */; };
		C198F6E4267B8231003FB5D5 /* Preview Assets.xcassets in Resources */ = {isa = PBXBuildFile; fileRef = C198F6E3267B8231003FB5D5 /* Preview Assets.xcassets */; };
		C198F6E7267B8231003FB5D5 /* LaunchScreen.storyboard in Resources */ = {isa = PBXBuildFile; fileRef = C198F6E5267B8231003FB5D5 /* LaunchScreen.storyboard */; };
/* End PBXBuildFile section */

/* Begin PBXFileReference section */
		C198F6D7267B822B003FB5D5 /* Topic1.app */ = {isa = PBXFileReference; explicitFileType = wrapper.application; includeInIndex = 0; path = Topic1.app; sourceTree = BUILT_PRODUCTS_DIR; };
		C198F6DA267B822B003FB5D5 /* AppDelegate.swift */ = {isa = PBXFileReference; lastKnownFileType = sourcecode.swift; path = AppDelegate.swift; sourceTree = "<group>"; };
		C198F6DC267B822B003FB5D5 /* SceneDelegate.swift */ = {isa = PBXFileReference; lastKnownFileType = sourcecode.swift; path = SceneDelegate.swift; sourceTree = "<group>"; };
		C198F6DE267B822B003FB5D5 /* ContentView.swift */ = {isa = PBXFileReference; lastKnownFileType = sourcecode.swift; path = ContentView.swift; sourceTree = "<group>"; };
		C198F6E0267B8231003FB5D5 /* Assets.xcassets */ = {isa = PBXFileReference; lastKnownFileType = folder.assetcatalog; path = Assets.xcassets; sourceTree = "<group>"; };
		C198F6E3267B8231003FB5D5 /* Preview Assets.xcassets */ = {isa = PBXFileReference; lastKnownFileType = folder.assetcatalog; path = "Preview Assets.xcassets"; sourceTree = "<group>"; };
		C198F6E6267B8231003FB5D5 /* Base */ = {isa = PBXFileReference; lastKnownFileType = file.storyboard; name = Base; path = Base.lproj/LaunchScreen.storyboard; sourceTree = "<group>"; };
		C198F6E8267B8231003FB5D5 /* Info.plist */ = {isa = PBXFileReference; lastKnownFileType = text.plist.xml; path = Info.plist; sourceTree = "<group>"; };
/* End PBXFileReference section */

/* Begin PBXFrameworksBuildPhase section */
		C198F6D4267B822B003FB5D5 /* Frameworks */ = {
			isa = PBXFrameworksBuildPhase;
			buildActionMask = 2147483647;
			files = (
			);
			runOnlyForDeploymentPostprocessing = 0;
		};
/* End PBXFrameworksBuildPhase section */

/* Begin PBXGroup section */
		C198F6CE267B822B003FB5D5 = {
			isa = PBXGroup;
			children = (
				C198F6D9267B822B003FB5D5 /* 1. Build User Interfaces */,
				C198F6D8267B822B003FB5D5 /* Products */,
			);
			sourceTree = "<group>";
		};
		C198F6D8267B822B003FB5D5 /* Products */ = {
			isa = PBXGroup;
			children = (
				C198F6D7267B822B003FB5D5 /* Topic1.app */,
			);
			name = Products;
			sourceTree = "<group>";
		};
		C198F6D9267B822B003FB5D5 /* 1. Build User Interfaces */ = {
			isa = PBXGroup;
			children = (
				C198F6DA267B822B003FB5D5 /* AppDelegate.swift */,
				C198F6DC267B822B003FB5D5 /* SceneDelegate.swift */,
				C198F6DE267B822B003FB5D5 /* ContentView.swift */,
				C198F6E0267B8231003FB5D5 /* Assets.xcassets */,
				C198F6E5267B8231003FB5D5 /* LaunchScreen.storyboard */,
				C198F6E8267B8231003FB5D5 /* Info.plist */,
				C198F6E2267B8231003FB5D5 /* Preview Content */,
			);
			path = "1. Build User Interfaces";
			sourceTree = "<group>";
		};
		C198F6E2267B8231003FB5D5 /* Preview Content */ = {
			isa = PBXGroup;
			children = (
				C198F6E3267B8231003FB5D5 /* Preview Assets.xcassets */,
			);
			path = "Preview Content";
			sourceTree = "<group>";
		};
/* End PBXGroup section */

/* Begin PBXNativeTarget section */
		C198F6D6267B822B003FB5D5 /* Topic1 */ = {
			isa = PBXNativeTarget;
			buildConfigurationList = C198F6EB267B8231003FB5D5 /* Build configuration list for PBXNativeTarget "Topic1" */;
			buildPhases = (
				C198F6D3267B822B003FB5D5 /* Sources */,
				C198F6D4267B822B003FB5D5 /* Frameworks */,
				C198F6D5267B822B003FB5D5 /* Resources */,
			);
			buildRules = (
			);
			dependencies = (
			);
			name = Topic1;
			productName = "1. Build User Interfaces";
			productReference = C198F6D7267B822B003FB5D5 /* Topic1.app */;
			productType = "com.apple.product-type.application";
		};
/* End PBXNativeTarget section */

/* Begin PBXProject section */
		C198F6CF267B822B003FB5D5 /* Project object */ = {
			isa = PBXProject;
			attributes = {
				LastSwiftUpdateCheck = 1240;
				LastUpgradeCheck = 1240;
				TargetAttributes = {
					C198F6D6267B822B003FB5D5 = {
						CreatedOnToolsVersion = 12.4;
					};
				};
			};
			buildConfigurationList = C198F6D2267B822B003FB5D5 /* Build configuration list for PBXProject "Topic1" */;
			compatibilityVersion = "Xcode 9.3";
			developmentRegion = en;
			hasScannedForEncodings = 0;
			knownRegions = (
				en,
				Base,
			);
			mainGroup = C198F6CE267B822B003FB5D5;
			productRefGroup = C198F6D8267B822B003FB5D5 /* Products */;
			projectDirPath = "";
			projectRoot = "";
			targets = (
				C198F6D6267B822B003FB5D5 /* Topic1 */,
			);
		};
/* End PBXProject section */

/* Begin PBXResourcesBuildPhase section */
		C198F6D5267B822B003FB5D5 /* Resources */ = {
			isa = PBXResourcesBuildPhase;
			buildActionMask = 2147483647;
			files = (
				C198F6E7267B8231003FB5D5 /* LaunchScreen.storyboard in Resources */,
				C198F6E4267B8231003FB5D5 /* Preview Assets.xcassets in Resources */,
				C198F6E1267B8231003FB5D5 /* Assets.xcassets in Resources */,
			);
			runOnlyForDeploymentPostprocessing = 0;
		};
/* End PBXResourcesBuildPhase section */

/* Begin PBXSourcesBuildPhase section */
		C198F6D3267B822B003FB5D5 /* Sources */ = {
			isa = PBXSourcesBuildPhase;
			buildActionMask = 2147483647;
			files = (
				C198F6DB267B822B003FB5D5 /* AppDelegate.swift in Sources */,
				C198F6DD267B822B003FB5D5 /* SceneDelegate.swift in Sources */,
				C198F6DF267B822B003FB5D5 /* ContentView.swift in Sources */,
			);
			runOnlyForDeploymentPostprocessing = 0;
		};
/* End PBXSourcesBuildPhase section */

/* Begin PBXVariantGroup section */
		C198F6E5267B8231003FB5D5 /* LaunchScreen.storyboard */ = {
			isa = PBXVariantGroup;
			children = (
				C198F6E6267B8231003FB5D5 /* Base */,
			);
			name = LaunchScreen.storyboard;
			sourceTree = "<group>";
		};
/* End PBXVariantGroup section */

/* Begin XCBuildConfiguration section */
		C198F6E9267B8231003FB5D5 /* Debug */ = {
			isa = XCBuildConfiguration;
			buildSettings = {
				ALWAYS_SEARCH_USER_PATHS = NO;
				CLANG_ANALYZER_NONNULL = YES;
				CLANG_ANALYZER_NUMBER_OBJECT_CONVERSION = YES_AGGRESSIVE;
				CLANG_CXX_LANGUAGE_STANDARD = "gnu++14";
				CLANG_CXX_LIBRARY = "libc++";
				CLANG_ENABLE_MODULES = YES;
				CLANG_ENABLE_OBJC_ARC = YES;
				CLANG_ENABLE_OBJC_WEAK = YES;
				CLANG_WARN_BLOCK_CAPTURE_AUTORELEASING = YES;
				CLANG_WARN_BOOL_CONVERSION = YES;
				CLANG_WARN_COMMA = YES;
				CLANG_WARN_CONSTANT_CONVERSION = YES;
				CLANG_WARN_DEPRECATED_OBJC_IMPLEMENTATIONS = YES;
				CLANG_WARN_DIRECT_OBJC_ISA_USAGE = YES_ERROR;
				CLANG_WARN_DOCUMENTATION_COMMENTS = YES;
				CLANG_WARN_EMPTY_BODY = YES;
				CLANG_WARN_ENUM_CONVERSION = YES;
				CLANG_WARN_INFINITE_RECURSION = YES;
				CLANG_WARN_INT_CONVERSION = YES;
				CLANG_WARN_NON_LITERAL_NULL_CONVERSION = YES;
				CLANG_WARN_OBJC_IMPLICIT_RETAIN_SELF = YES;
				CLANG_WARN_OBJC_LITERAL_CONVERSION = YES;
				CLANG_WARN_OBJC_ROOT_CLASS = YES_ERROR;
				CLANG_WARN_QUOTED_INCLUDE_IN_FRAMEWORK_HEADER = YES;
				CLANG_WARN_RANGE_LOOP_ANALYSIS = YES;
				CLANG_WARN_STRICT_PROTOTYPES = YES;
				CLANG_WARN_SUSPICIOUS_MOVE = YES;
				CLANG_WARN_UNGUARDED_AVAILABILITY = YES_AGGRESSIVE;
				CLANG_WARN_UNREACHABLE_CODE = YES;
				CLANG_WARN__DUPLICATE_METHOD_MATCH = YES;
				COPY_PHASE_STRIP = NO;
				DEBUG_INFORMATION_FORMAT = dwarf;
				ENABLE_STRICT_OBJC_MSGSEND = YES;
				ENABLE_TESTABILITY = YES;
				GCC_C_LANGUAGE_STANDARD = gnu11;
				GCC_DYNAMIC_NO_PIC = NO;
				GCC_NO_COMMON_BLOCKS = YES;
				GCC_OPTIMIZATION_LEVEL = 0;
				GCC_PREPROCESSOR_DEFINITIONS = (
					"DEBUG=1",
					"$(inherited)",
				);
				GCC_WARN_64_TO_32_BIT_CONVERSION = YES;
				GCC_WARN_ABOUT_RETURN_TYPE = YES_ERROR;
				GCC_WARN_UNDECLARED_SELECTOR = YES;
				GCC_WARN_UNINITIALIZED_AUTOS = YES_AGGRESSIVE;
				GCC_WARN_UNUSED_FUNCTION = YES;
				GCC_WARN_UNUSED_VARIABLE = YES;
				IPHONEOS_DEPLOYMENT_TARGET = 14.4;
				MTL_ENABLE_DEBUG_INFO = INCLUDE_SOURCE;
				MTL_FAST_MATH = YES;
				ONLY_ACTIVE_ARCH = YES;
				SDKROOT = iphoneos;
				SWIFT_ACTIVE_COMPILATION_CONDITIONS = DEBUG;
				SWIFT_OPTIMIZATION_LEVEL = "-Onone";
			};
			name = Debug;
		};
		C198F6EA267B8231003FB5D5 /* Release */ = {
			isa = XCBuildConfiguration;
			buildSettings = {
				ALWAYS_SEARCH_USER_PATHS = NO;
				CLANG_ANALYZER_NONNULL = YES;
				CLANG_ANALYZER_NUMBER_OBJECT_CONVERSION = YES_AGGRESSIVE;
				CLANG_CXX_LANGUAGE_STANDARD = "gnu++14";
				CLANG_CXX_LIBRARY = "libc++";
				CLANG_ENABLE_MODULES = YES;
				CLANG_ENABLE_OBJC_ARC = YES;
				CLANG_ENABLE_OBJC_WEAK = YES;
				CLANG_WARN_BLOCK_CAPTURE_AUTORELEASING = YES;
				CLANG_WARN_BOOL_CONVERSION = YES;
				CLANG_WARN_COMMA = YES;
				CLANG_WARN_CONSTANT_CONVERSION = YES;
				CLANG_WARN_DEPRECATED_OBJC_IMPLEMENTATIONS = YES;
				CLANG_WARN_DIRECT_OBJC_ISA_USAGE = YES_ERROR;
				CLANG_WARN_DOCUMENTATION_COMMENTS = YES;
				CLANG_WARN_EMPTY_BODY = YES;
				CLANG_WARN_ENUM_CONVERSION = YES;
				CLANG_WARN_INFINITE_RECURSION = YES;
				CLANG_WARN_INT_CONVERSION = YES;
				CLANG_WARN_NON_LITERAL_NULL_CONVERSION = YES;
				CLANG_WARN_OBJC_IMPLICIT_RETAIN_SELF = YES;
				CLANG_WARN_OBJC_LITERAL_CONVERSION = YES;
				CLANG_WARN_OBJC_ROOT_CLASS = YES_ERROR;
				CLANG_WARN_QUOTED_INCLUDE_IN_FRAMEWORK_HEADER = YES;
				CLANG_WARN_RANGE_LOOP_ANALYSIS = YES;
				CLANG_WARN_STRICT_PROTOTYPES = YES;
				CLANG_WARN_SUSPICIOUS_MOVE = YES;
				CLANG_WARN_UNGUARDED_AVAILABILITY = YES_AGGRESSIVE;
				CLANG_WARN_UNREACHABLE_CODE = YES;
				CLANG_WARN__DUPLICATE_METHOD_MATCH = YES;
				COPY_PHASE_STRIP = NO;
				DEBUG_INFORMATION_FORMAT = "dwarf-with-dsym";
				ENABLE_NS_ASSERTIONS = NO;
				ENABLE_STRICT_OBJC_MSGSEND = YES;
				GCC_C_LANGUAGE_STANDARD = gnu11;
				GCC_NO_COMMON_BLOCKS = YES;
				GCC_WARN_64_TO_32_BIT_CONVERSION = YES;
				GCC_WARN_ABOUT_RETURN_TYPE = YES_ERROR;
				GCC_WARN_UNDECLARED_SELECTOR = YES;
				GCC_WARN_UNINITIALIZED_AUTOS = YES_AGGRESSIVE;
				GCC_WARN_UNUSED_FUNCTION = YES;
				GCC_WARN_UNUSED_VARIABLE = YES;
				IPHONEOS_DEPLOYMENT_TARGET = 14.4;
				MTL_ENABLE_DEBUG_INFO = NO;
				MTL_FAST_MATH = YES;
				SDKROOT = iphoneos;
				SWIFT_COMPILATION_MODE = wholemodule;
				SWIFT_OPTIMIZATION_LEVEL = "-O";
				VALIDATE_PRODUCT = YES;
			};
			name = Release;
		};
		C198F6EC267B8231003FB5D5 /* Debug */ = {
			isa = XCBuildConfiguration;
			buildSettings = {
				ASSETCATALOG_COMPILER_APPICON_NAME = AppIcon;
				ASSETCATALOG_COMPILER_GLOBAL_ACCENT_COLOR_NAME = AccentColor;
				CODE_SIGN_STYLE = Automatic;
				DEVELOPMENT_ASSET_PATHS = "\"1. Build User Interfaces/Preview Content\"";
				DEVELOPMENT_TEAM = LR4QG85CZD;
				ENABLE_PREVIEWS = YES;
				INFOPLIST_FILE = "1. Build User Interfaces/Info.plist";
				LD_RUNPATH_SEARCH_PATHS = (
					"$(inherited)",
					"@executable_path/Frameworks",
				);
				PRODUCT_BUNDLE_IDENTIFIER = "mallikarjun---Build-User-Interfaces";
				PRODUCT_NAME = "$(TARGET_NAME)";
				SWIFT_VERSION = 5.0;
				TARGETED_DEVICE_FAMILY = "1,2";
			};
			name = Debug;
		};
		C198F6ED267B8231003FB5D5 /* Release */ = {
			isa = XCBuildConfiguration;
			buildSettings = {
				ASSETCATALOG_COMPILER_APPICON_NAME = AppIcon;
				ASSETCATALOG_COMPILER_GLOBAL_ACCENT_COLOR_NAME = AccentColor;
				CODE_SIGN_STYLE = Automatic;
				DEVELOPMENT_ASSET_PATHS = "\"1. Build User Interfaces/Preview Content\"";
				DEVELOPMENT_TEAM = LR4QG85CZD;
				ENABLE_PREVIEWS = YES;
				INFOPLIST_FILE = "1. Build User Interfaces/Info.plist";
				LD_RUNPATH_SEARCH_PATHS = (
					"$(inherited)",
					"@executable_path/Frameworks",
				);
				PRODUCT_BUNDLE_IDENTIFIER = "mallikarjun---Build-User-Interfaces";
				PRODUCT_NAME = "$(TARGET_NAME)";
				SWIFT_VERSION = 5.0;
				TARGETED_DEVICE_FAMILY = "1,2";
			};
			name = Release;
		};
/* End XCBuildConfiguration section */

/* Begin XCConfigurationList section */
		C198F6D2267B822B003FB5D5 /* Build configuration list for PBXProject "Topic1" */ = {
			isa = XCConfigurationList;
			buildConfigurations = (
				C198F6E9267B8231003FB5D5 /* Debug */,
				C198F6EA267B8231003FB5D5 /* Release */,
			);
			defaultConfigurationIsVisible = 0;
			defaultConfigurationName = Release;
		};
		C198F6EB267B8231003FB5D5 /* Build configuration list for PBXNativeTarget "Topic1" */ = {
			isa = XCConfigurationList;
			buildConfigurations = (
				C198F6EC267B8231003FB5D5 /* Debug */,
				C198F6ED267B8231003FB5D5 /* Release */,
			);
			defaultConfigurationIsVisible = 0;
			defaultConfigurationName = Release;
		};
/* End XCConfigurationList section */
	};
	rootObject = C198F6CF267B822B003FB5D5 /* Project object */;
}
